
Microsoft Visual Studio Solution File, Format Version 12.00
# Visual Studio 15
VisualStudioVersion = 15.0.28307.421
MinimumVisualStudioVersion = 10.0.40219.1
Project("{8BC9CEB8-8B4A-11D0-8D11-00A0C91BC942}") = "Linked List3", "Linked List3\Linked List3.vcxproj", "{6CE1EE4A-8D4A-47F7-91EC-70EC668D410E}"
EndProject
Global
	GlobalSection(SolutionConfigurationPlatforms) = preSolution
		Debug|x64 = Debug|x64
		Debug|x86 = Debug|x86
		Release|x64 = Release|x64
		Release|x86 = Release|x86
	EndGlobalSection
	GlobalSection(ProjectConfigurationPlatforms) = postSolution
		{6CE1EE4A-8D4A-47F7-91EC-70EC668D410E}.Debug|x64.ActiveCfg = Debug|x64
		{6CE1EE4A-8D4A-47F7-91EC-70EC668D410E}.Debug|x64.Build.0 = Debug|x64
		{6CE1EE4A-8D4A-47F7-91EC-70EC668D410E}.Debug|x86.ActiveCfg = Debug|Win32
		{6CE1EE4A-8D4A-47F7-91EC-70EC668D410E}.Debug|x86.Build.0 = Debug|Win32
		{6CE1EE4A-8D4A-47F7-91EC-70EC668D410E}.Release|x64.ActiveCfg = Release|x64
		{6CE1EE4A-8D4A-47F7-91EC-70EC668D410E}.Release|x64.Build.0 = Release|x64
		{6CE1EE4A-8D4A-47F7-91EC-70EC668D410E}.Release|x86.ActiveCfg = Release|Win32
		{6CE1EE4A-8D4A-47F7-91EC-70EC668D410E}.Release|x86.Build.0 = Release|Win32
	EndGlobalSection
	GlobalSection(SolutionProperties) = preSolution
		HideSolutionNode = FALSE
	EndGlobalSection
	GlobalSection(ExtensibilityGlobals) = postSolution
		SolutionGuid = {7F345BA0-F153-4798-B0B3-B539B5A2B651}
	EndGlobalSection
EndGlobal
